
Microsoft Visual Studio Solution File, Format Version 12.00
# Visual Studio 15
VisualStudioVersion = 15.0.27428.2011
MinimumVisualStudioVersion = 10.0.40219.1
Project("{8BC9CEB8-8B4A-11D0-8D11-00A0C91BC942}") = "work_4_18_1三子棋", "work_4_18_1三子棋\work_4_18_1三子棋.vcxproj", "{F22C21C5-5A2F-4975-B544-CE7B8897F32F}"
EndProject
Global
	GlobalSection(SolutionConfigurationPlatforms) = preSolution
		Debug|x64 = Debug|x64
		Debug|x86 = Debug|x86
		Release|x64 = Release|x64
		Release|x86 = Release|x86
	EndGlobalSection
	GlobalSection(ProjectConfigurationPlatforms) = postSolution
		{F22C21C5-5A2F-4975-B544-CE7B8897F32F}.Debug|x64.ActiveCfg = Debug|x64
		{F22C21C5-5A2F-4975-B544-CE7B8897F32F}.Debug|x64.Build.0 = Debug|x64
		{F22C21C5-5A2F-4975-B544-CE7B8897F32F}.Debug|x86.ActiveCfg = Debug|Win32
		{F22C21C5-5A2F-4975-B544-CE7B8897F32F}.Debug|x86.Build.0 = Debug|Win32
		{F22C21C5-5A2F-4975-B544-CE7B8897F32F}.Release|x64.ActiveCfg = Release|x64
		{F22C21C5-5A2F-4975-B544-CE7B8897F32F}.Release|x64.Build.0 = Release|x64
		{F22C21C5-5A2F-4975-B544-CE7B8897F32F}.Release|x86.ActiveCfg = Release|Win32
		{F22C21C5-5A2F-4975-B544-CE7B8897F32F}.Release|x86.Build.0 = Release|Win32
	EndGlobalSection
	GlobalSection(SolutionProperties) = preSolution
		HideSolutionNode = FALSE
	EndGlobalSection
	GlobalSection(ExtensibilityGlobals) = postSolution
		SolutionGuid = {6E158F0F-D889-4EED-AA8A-5728BBC8DE00}
	EndGlobalSection
EndGlobal
